{
  "version": 4,
  "terraform_version": "1.6.3",
  "serial": 43,
  "lineage": "fb811f7a-5038-242c-4f9e-9ba27c7c8bce",
  "outputs": {},
  "resources": [
    {
      "mode": "data",
      "type": "aws_availability_zones",
      "name": "avzone",
      "provider": "provider[\"registry.terraform.io/hashicorp/aws\"]",
      "instances": [
        {
          "schema_version": 0,
          "attributes": {
            "all_availability_zones": null,
            "exclude_names": null,
            "exclude_zone_ids": null,
            "filter": null,
            "group_names": [
              "ap-southeast-2"
            ],
            "id": "ap-southeast-2",
            "names": [
              "ap-southeast-2a",
              "ap-southeast-2b",
              "ap-southeast-2c"
            ],
            "state": "available",
            "timeouts": null,
            "zone_ids": [
              "apse2-az3",
              "apse2-az1",
              "apse2-az2"
            ]
          },
          "sensitive_attributes": []
        }
      ]
    },
    {
      "mode": "data",
      "type": "aws_vpc",
      "name": "vpc",
      "provider": "provider[\"registry.terraform.io/hashicorp/aws\"]",
      "instances": [
        {
          "schema_version": 0,
          "attributes": {
            "arn": "arn:aws:ec2:ap-southeast-2:834745347697:vpc/vpc-0d452faad11918027",
            "cidr_block": "10.199.0.0/16",
            "cidr_block_associations": [
              {
                "association_id": "vpc-cidr-assoc-0e818334287ce5b18",
                "cidr_block": "10.199.0.0/16",
                "state": "associated"
              }
            ],
            "default": false,
            "dhcp_options_id": "dopt-079f60beed3611c4b",
            "enable_dns_hostnames": true,
            "enable_dns_support": true,
            "enable_network_address_usage_metrics": false,
            "filter": null,
            "id": "vpc-0d452faad11918027",
            "instance_tenancy": "default",
            "ipv6_association_id": "",
            "ipv6_cidr_block": "",
            "main_route_table_id": "rtb-07966466e68eed26c",
            "owner_id": "834745347697",
            "state": null,
            "tags": {
              "Name": "ind-firewall-vpc"
            },
            "timeouts": null
          },
          "sensitive_attributes": []
        }
      ]
    },
    {
      "mode": "managed",
      "type": "aws_internet_gateway",
      "name": "igw",
      "provider": "provider[\"registry.terraform.io/hashicorp/aws\"]",
      "instances": [
        {
          "status": "tainted",
          "schema_version": 0,
          "attributes": {
            "arn": null,
            "id": "igw-025608cd8be5c9eec",
            "owner_id": null,
            "tags": {
              "Name": "vpc_prod_igw",
              "application": "VPC network",
              "creator": "joshua.xu@inde.nz",
              "environment": "prod",
              "managedBy": "juan.rossi@indevin.com"
            },
            "tags_all": {
              "Name": "vpc_prod_igw",
              "application": "VPC network",
              "creator": "joshua.xu@inde.nz",
              "environment": "prod",
              "managedBy": "juan.rossi@indevin.com"
            },
            "timeouts": null,
            "vpc_id": "vpc-0d452faad11918027"
          },
          "sensitive_attributes": [],
          "private": "eyJlMmJmYjczMC1lY2FhLTExZTYtOGY4OC0zNDM2M2JjN2M0YzAiOnsiY3JlYXRlIjoxMjAwMDAwMDAwMDAwLCJkZWxldGUiOjEyMDAwMDAwMDAwMDAsInVwZGF0ZSI6MTIwMDAwMDAwMDAwMH19",
          "dependencies": [
            "data.aws_vpc.vpc"
          ]
        }
      ]
    },
    {
      "mode": "managed",
      "type": "aws_route_table",
      "name": "route_table_private",
      "provider": "provider[\"registry.terraform.io/hashicorp/aws\"]",
      "instances": [
        {
          "index_key": 0,
          "schema_version": 0,
          "attributes": {
            "arn": "arn:aws:ec2:ap-southeast-2:834745347697:route-table/rtb-0dad6bed4f1fe78a9",
            "id": "rtb-0dad6bed4f1fe78a9",
            "owner_id": "834745347697",
            "propagating_vgws": [],
            "route": [],
            "tags": {
              "Name": "vpc_prod_private_rt_2a",
              "application": "VPC network",
              "creator": "joshua.xu@inde.nz",
              "environment": "prod",
              "managedBy": "juan.rossi@indevin.com"
            },
            "tags_all": {
              "Name": "vpc_prod_private_rt_2a",
              "application": "VPC network",
              "creator": "joshua.xu@inde.nz",
              "environment": "prod",
              "managedBy": "juan.rossi@indevin.com"
            },
            "timeouts": null,
            "vpc_id": "vpc-0d452faad11918027"
          },
          "sensitive_attributes": [],
          "private": "eyJlMmJmYjczMC1lY2FhLTExZTYtOGY4OC0zNDM2M2JjN2M0YzAiOnsiY3JlYXRlIjozMDAwMDAwMDAwMDAsImRlbGV0ZSI6MzAwMDAwMDAwMDAwLCJ1cGRhdGUiOjEyMDAwMDAwMDAwMH19",
          "dependencies": [
            "data.aws_vpc.vpc"
          ]
        },
        {
          "index_key": 1,
          "schema_version": 0,
          "attributes": {
            "arn": "arn:aws:ec2:ap-southeast-2:834745347697:route-table/rtb-04db81c7136b8800f",
            "id": "rtb-04db81c7136b8800f",
            "owner_id": "834745347697",
            "propagating_vgws": [],
            "route": [],
            "tags": {
              "Name": "vpc_prod_private_rt_2b",
              "application": "VPC network",
              "creator": "joshua.xu@inde.nz",
              "environment": "prod",
              "managedBy": "juan.rossi@indevin.com"
            },
            "tags_all": {
              "Name": "vpc_prod_private_rt_2b",
              "application": "VPC network",
              "creator": "joshua.xu@inde.nz",
              "environment": "prod",
              "managedBy": "juan.rossi@indevin.com"
            },
            "timeouts": null,
            "vpc_id": "vpc-0d452faad11918027"
          },
          "sensitive_attributes": [],
          "private": "eyJlMmJmYjczMC1lY2FhLTExZTYtOGY4OC0zNDM2M2JjN2M0YzAiOnsiY3JlYXRlIjozMDAwMDAwMDAwMDAsImRlbGV0ZSI6MzAwMDAwMDAwMDAwLCJ1cGRhdGUiOjEyMDAwMDAwMDAwMH19",
          "dependencies": [
            "data.aws_vpc.vpc"
          ]
        }
      ]
    },
    {
      "mode": "managed",
      "type": "aws_route_table",
      "name": "route_table_public",
      "provider": "provider[\"registry.terraform.io/hashicorp/aws\"]",
      "instances": [
        {
          "index_key": 0,
          "schema_version": 0,
          "attributes": {
            "arn": "arn:aws:ec2:ap-southeast-2:834745347697:route-table/rtb-007a321adaf172570",
            "id": "rtb-007a321adaf172570",
            "owner_id": "834745347697",
            "propagating_vgws": [],
            "route": [],
            "tags": {
              "Name": "vpc_prod_public_rt_2a",
              "application": "VPC network",
              "creator": "joshua.xu@inde.nz",
              "environment": "prod",
              "managedBy": "juan.rossi@indevin.com"
            },
            "tags_all": {
              "Name": "vpc_prod_public_rt_2a",
              "application": "VPC network",
              "creator": "joshua.xu@inde.nz",
              "environment": "prod",
              "managedBy": "juan.rossi@indevin.com"
            },
            "timeouts": null,
            "vpc_id": "vpc-0d452faad11918027"
          },
          "sensitive_attributes": [],
          "private": "eyJlMmJmYjczMC1lY2FhLTExZTYtOGY4OC0zNDM2M2JjN2M0YzAiOnsiY3JlYXRlIjozMDAwMDAwMDAwMDAsImRlbGV0ZSI6MzAwMDAwMDAwMDAwLCJ1cGRhdGUiOjEyMDAwMDAwMDAwMH19",
          "dependencies": [
            "data.aws_vpc.vpc"
          ]
        },
        {
          "index_key": 1,
          "schema_version": 0,
          "attributes": {
            "arn": "arn:aws:ec2:ap-southeast-2:834745347697:route-table/rtb-06dfd2acc7e19c277",
            "id": "rtb-06dfd2acc7e19c277",
            "owner_id": "834745347697",
            "propagating_vgws": [],
            "route": [],
            "tags": {
              "Name": "vpc_prod_public_rt_2b",
              "application": "VPC network",
              "creator": "joshua.xu@inde.nz",
              "environment": "prod",
              "managedBy": "juan.rossi@indevin.com"
            },
            "tags_all": {
              "Name": "vpc_prod_public_rt_2b",
              "application": "VPC network",
              "creator": "joshua.xu@inde.nz",
              "environment": "prod",
              "managedBy": "juan.rossi@indevin.com"
            },
            "timeouts": null,
            "vpc_id": "vpc-0d452faad11918027"
          },
          "sensitive_attributes": [],
          "private": "eyJlMmJmYjczMC1lY2FhLTExZTYtOGY4OC0zNDM2M2JjN2M0YzAiOnsiY3JlYXRlIjozMDAwMDAwMDAwMDAsImRlbGV0ZSI6MzAwMDAwMDAwMDAwLCJ1cGRhdGUiOjEyMDAwMDAwMDAwMH19",
          "dependencies": [
            "data.aws_vpc.vpc"
          ]
        }
      ]
    },
    {
      "mode": "managed",
      "type": "aws_route_table_association",
      "name": "public",
      "provider": "provider[\"registry.terraform.io/hashicorp/aws\"]",
      "instances": [
        {
          "index_key": 0,
          "schema_version": 0,
          "attributes": {
            "gateway_id": "",
            "id": "rtbassoc-011893369d19c7615",
            "route_table_id": "rtb-007a321adaf172570",
            "subnet_id": "subnet-00ab31d6d57fa7d4c",
            "timeouts": null
          },
          "sensitive_attributes": [],
          "private": "eyJlMmJmYjczMC1lY2FhLTExZTYtOGY4OC0zNDM2M2JjN2M0YzAiOnsiY3JlYXRlIjozMDAwMDAwMDAwMDAsImRlbGV0ZSI6MzAwMDAwMDAwMDAwLCJ1cGRhdGUiOjEyMDAwMDAwMDAwMH19",
          "dependencies": [
            "aws_route_table.route_table_public",
            "aws_subnet.subnet_public",
            "data.aws_availability_zones.avzone",
            "data.aws_vpc.vpc"
          ]
        },
        {
          "index_key": 1,
          "schema_version": 0,
          "attributes": {
            "gateway_id": "",
            "id": "rtbassoc-03d38da22c8340f56",
            "route_table_id": "rtb-06dfd2acc7e19c277",
            "subnet_id": "subnet-0ffb547f2256c82c7",
            "timeouts": null
          },
          "sensitive_attributes": [],
          "private": "eyJlMmJmYjczMC1lY2FhLTExZTYtOGY4OC0zNDM2M2JjN2M0YzAiOnsiY3JlYXRlIjozMDAwMDAwMDAwMDAsImRlbGV0ZSI6MzAwMDAwMDAwMDAwLCJ1cGRhdGUiOjEyMDAwMDAwMDAwMH19",
          "dependencies": [
            "aws_route_table.route_table_public",
            "aws_subnet.subnet_public",
            "data.aws_availability_zones.avzone",
            "data.aws_vpc.vpc"
          ]
        }
      ]
    },
    {
      "mode": "managed",
      "type": "aws_subnet",
      "name": "subnet_private",
      "provider": "provider[\"registry.terraform.io/hashicorp/aws\"]",
      "instances": [
        {
          "index_key": 1,
          "schema_version": 1,
          "attributes": {
            "arn": "arn:aws:ec2:ap-southeast-2:834745347697:subnet/subnet-006eedc667c613b59",
            "assign_ipv6_address_on_creation": false,
            "availability_zone": "ap-southeast-2b",
            "availability_zone_id": "apse2-az1",
            "cidr_block": "10.199.129.0/24",
            "customer_owned_ipv4_pool": "",
            "enable_dns64": false,
            "enable_lni_at_device_index": 0,
            "enable_resource_name_dns_a_record_on_launch": false,
            "enable_resource_name_dns_aaaa_record_on_launch": false,
            "id": "subnet-006eedc667c613b59",
            "ipv6_cidr_block": "",
            "ipv6_cidr_block_association_id": "",
            "ipv6_native": false,
            "map_customer_owned_ip_on_launch": false,
            "map_public_ip_on_launch": false,
            "outpost_arn": "",
            "owner_id": "834745347697",
            "private_dns_hostname_type_on_launch": "ip-name",
            "tags": {
              "Name": "vpc_prod_private_subnet_2b",
              "application": "VPC network",
              "creator": "joshua.xu@inde.nz",
              "environment": "prod",
              "managedBy": "juan.rossi@indevin.com"
            },
            "tags_all": {
              "Name": "vpc_prod_private_subnet_2b",
              "application": "VPC network",
              "creator": "joshua.xu@inde.nz",
              "environment": "prod",
              "managedBy": "juan.rossi@indevin.com"
            },
            "timeouts": null,
            "vpc_id": "vpc-0d452faad11918027"
          },
          "sensitive_attributes": [],
          "private": "eyJlMmJmYjczMC1lY2FhLTExZTYtOGY4OC0zNDM2M2JjN2M0YzAiOnsiY3JlYXRlIjo2MDAwMDAwMDAwMDAsImRlbGV0ZSI6MTIwMDAwMDAwMDAwMH0sInNjaGVtYV92ZXJzaW9uIjoiMSJ9",
          "dependencies": [
            "data.aws_availability_zones.avzone",
            "data.aws_vpc.vpc"
          ]
        }
      ]
    },
    {
      "mode": "managed",
      "type": "aws_subnet",
      "name": "subnet_public",
      "provider": "provider[\"registry.terraform.io/hashicorp/aws\"]",
      "instances": [
        {
          "index_key": 0,
          "schema_version": 1,
          "attributes": {
            "arn": "arn:aws:ec2:ap-southeast-2:834745347697:subnet/subnet-00ab31d6d57fa7d4c",
            "assign_ipv6_address_on_creation": false,
            "availability_zone": "ap-southeast-2a",
            "availability_zone_id": "apse2-az3",
            "cidr_block": "10.199.0.0/24",
            "customer_owned_ipv4_pool": "",
            "enable_dns64": false,
            "enable_lni_at_device_index": 0,
            "enable_resource_name_dns_a_record_on_launch": false,
            "enable_resource_name_dns_aaaa_record_on_launch": false,
            "id": "subnet-00ab31d6d57fa7d4c",
            "ipv6_cidr_block": "",
            "ipv6_cidr_block_association_id": "",
            "ipv6_native": false,
            "map_customer_owned_ip_on_launch": false,
            "map_public_ip_on_launch": false,
            "outpost_arn": "",
            "owner_id": "834745347697",
            "private_dns_hostname_type_on_launch": "ip-name",
            "tags": {
              "Name": "vpc_prod_public_subnet_2a",
              "application": "VPC network",
              "creator": "joshua.xu@inde.nz",
              "environment": "prod",
              "managedBy": "juan.rossi@indevin.com"
            },
            "tags_all": {
              "Name": "vpc_prod_public_subnet_2a",
              "application": "VPC network",
              "creator": "joshua.xu@inde.nz",
              "environment": "prod",
              "managedBy": "juan.rossi@indevin.com"
            },
            "timeouts": null,
            "vpc_id": "vpc-0d452faad11918027"
          },
          "sensitive_attributes": [],
          "private": "eyJlMmJmYjczMC1lY2FhLTExZTYtOGY4OC0zNDM2M2JjN2M0YzAiOnsiY3JlYXRlIjo2MDAwMDAwMDAwMDAsImRlbGV0ZSI6MTIwMDAwMDAwMDAwMH0sInNjaGVtYV92ZXJzaW9uIjoiMSJ9",
          "dependencies": [
            "data.aws_availability_zones.avzone",
            "data.aws_vpc.vpc"
          ]
        },
        {
          "index_key": 1,
          "schema_version": 1,
          "attributes": {
            "arn": "arn:aws:ec2:ap-southeast-2:834745347697:subnet/subnet-0ffb547f2256c82c7",
            "assign_ipv6_address_on_creation": false,
            "availability_zone": "ap-southeast-2b",
            "availability_zone_id": "apse2-az1",
            "cidr_block": "10.199.128.0/24",
            "customer_owned_ipv4_pool": "",
            "enable_dns64": false,
            "enable_lni_at_device_index": 0,
            "enable_resource_name_dns_a_record_on_launch": false,
            "enable_resource_name_dns_aaaa_record_on_launch": false,
            "id": "subnet-0ffb547f2256c82c7",
            "ipv6_cidr_block": "",
            "ipv6_cidr_block_association_id": "",
            "ipv6_native": false,
            "map_customer_owned_ip_on_launch": false,
            "map_public_ip_on_launch": false,
            "outpost_arn": "",
            "owner_id": "834745347697",
            "private_dns_hostname_type_on_launch": "ip-name",
            "tags": {
              "Name": "vpc_prod_public_subnet_2b",
              "application": "VPC network",
              "creator": "joshua.xu@inde.nz",
              "environment": "prod",
              "managedBy": "juan.rossi@indevin.com"
            },
            "tags_all": {
              "Name": "vpc_prod_public_subnet_2b",
              "application": "VPC network",
              "creator": "joshua.xu@inde.nz",
              "environment": "prod",
              "managedBy": "juan.rossi@indevin.com"
            },
            "timeouts": null,
            "vpc_id": "vpc-0d452faad11918027"
          },
          "sensitive_attributes": [],
          "private": "eyJlMmJmYjczMC1lY2FhLTExZTYtOGY4OC0zNDM2M2JjN2M0YzAiOnsiY3JlYXRlIjo2MDAwMDAwMDAwMDAsImRlbGV0ZSI6MTIwMDAwMDAwMDAwMH0sInNjaGVtYV92ZXJzaW9uIjoiMSJ9",
          "dependencies": [
            "data.aws_availability_zones.avzone",
            "data.aws_vpc.vpc"
          ]
        }
      ]
    }
  ],
  "check_results": null
}
